
Microsoft Visual Studio Solution File, Format Version 12.00
# Visual Studio 15
VisualStudioVersion = 15.0.27130.2010
MinimumVisualStudioVersion = 10.0.40219.1
Project("{FAE04EC0-301F-11D3-BF4B-00C04F79EFBC}") = "FastData", "FastData\FastData.csproj", "{9347DC38-9B48-4581-9974-E6D6363BED40}"
EndProject
Project("{FAE04EC0-301F-11D3-BF4B-00C04F79EFBC}") = "FastUntility", "FastUntility\FastUntility.csproj", "{209CD228-0837-467D-B869-0DB31AF04362}"
EndProject
Global
	GlobalSection(SolutionConfigurationPlatforms) = preSolution
		Debug|Any CPU = Debug|Any CPU
		Release|Any CPU = Release|Any CPU
	EndGlobalSection
	GlobalSection(ProjectConfigurationPlatforms) = postSolution
		{9347DC38-9B48-4581-9974-E6D6363BED40}.Debug|Any CPU.ActiveCfg = Debug|Any CPU
		{9347DC38-9B48-4581-9974-E6D6363BED40}.Debug|Any CPU.Build.0 = Debug|Any CPU
		{9347DC38-9B48-4581-9974-E6D6363BED40}.Release|Any CPU.ActiveCfg = Release|Any CPU
		{9347DC38-9B48-4581-9974-E6D6363BED40}.Release|Any CPU.Build.0 = Release|Any CPU
		{209CD228-0837-467D-B869-0DB31AF04362}.Debug|Any CPU.ActiveCfg = Debug|Any CPU
		{209CD228-0837-467D-B869-0DB31AF04362}.Debug|Any CPU.Build.0 = Debug|Any CPU
		{209CD228-0837-467D-B869-0DB31AF04362}.Release|Any CPU.ActiveCfg = Release|Any CPU
		{209CD228-0837-467D-B869-0DB31AF04362}.Release|Any CPU.Build.0 = Release|Any CPU
	EndGlobalSection
	GlobalSection(SolutionProperties) = preSolution
		HideSolutionNode = FALSE
	EndGlobalSection
	GlobalSection(ExtensibilityGlobals) = postSolution
		SolutionGuid = {7F311481-9108-447B-BB0B-27884C7E2677}
	EndGlobalSection
EndGlobal
